{
  "nodes": {
    "astal": {
      "inputs": {
        "nixpkgs": [
          "nixpkgs"
        ]
      },
      "locked": {
        "lastModified": 1764173295,
        "narHash": "sha256-Jh4VtPcK2Ov+RTcV9FtyQRsxiJmXFQGfqX6jjM7/mgc=",
        "owner": "aylur",
        "repo": "astal",
        "rev": "7d1fac8a4b2a14954843a978d2ddde86168c75ef",
        "type": "github"
      },
      "original": {
        "owner": "aylur",
        "repo": "astal",
        "type": "github"
      }
    },
    "disko": {
      "inputs": {
        "nixpkgs": [
          "nixpkgs"
        ]
      },
      "locked": {
        "lastModified": 1746728054,
        "narHash": "sha256-eDoSOhxGEm2PykZFa/x9QG5eTH0MJdiJ9aR00VAofXE=",
        "owner": "nix-community",
        "repo": "disko",
        "rev": "ff442f5d1425feb86344c028298548024f21256d",
        "type": "github"
      },
      "original": {
        "owner": "nix-community",
        "ref": "latest",
        "repo": "disko",
        "type": "github"
      }
    },
    "elephant": {
      "inputs": {
        "nixpkgs": [
          "walker",
          "nixpkgs"
        ],
        "systems": [
          "walker",
          "systems"
        ]
      },
      "locked": {
        "lastModified": 1762026536,
        "narHash": "sha256-JX3s/1qBc+dQkCa1heZ2PO1Sd6EwrQsEAXxe3CqyFLs=",
        "owner": "abenz1267",
        "repo": "elephant",
        "rev": "0e3b6a99d2a4c8f548435ea0466202d7c1129353",
        "type": "github"
      },
      "original": {
        "owner": "abenz1267",
        "repo": "elephant",
        "type": "github"
      }
    },
    "flake-compat": {
      "flake": false,
      "locked": {
        "lastModified": 1747046372,
        "narHash": "sha256-CIVLLkVgvHYbgI2UpXvIIBJ12HWgX+fjA8Xf8PUmqCY=",
        "owner": "edolstra",
        "repo": "flake-compat",
        "rev": "9100a0f413b0c601e0533d1d94ffd501ce2e7885",
        "type": "github"
      },
      "original": {
        "owner": "edolstra",
        "repo": "flake-compat",
        "type": "github"
      }
    },
    "flake-parts": {
      "inputs": {
        "nixpkgs-lib": "nixpkgs-lib"
      },
      "locked": {
        "lastModified": 1763759067,
        "narHash": "sha256-LlLt2Jo/gMNYAwOgdRQBrsRoOz7BPRkzvNaI/fzXi2Q=",
        "owner": "hercules-ci",
        "repo": "flake-parts",
        "rev": "2cccadc7357c0ba201788ae99c4dfa90728ef5e0",
        "type": "github"
      },
      "original": {
        "owner": "hercules-ci",
        "repo": "flake-parts",
        "type": "github"
      }
    },
    "flake-parts_2": {
      "inputs": {
        "nixpkgs-lib": "nixpkgs-lib_2"
      },
      "locked": {
        "lastModified": 1756770412,
        "narHash": "sha256-+uWLQZccFHwqpGqr2Yt5VsW/PbeJVTn9Dk6SHWhNRPw=",
        "owner": "hercules-ci",
        "repo": "flake-parts",
        "rev": "4524271976b625a4a605beefd893f270620fd751",
        "type": "github"
      },
      "original": {
        "owner": "hercules-ci",
        "repo": "flake-parts",
        "type": "github"
      }
    },
    "home-manager": {
      "inputs": {
        "nixpkgs": [
          "nixpkgs"
        ]
      },
      "locked": {
        "lastModified": 1763992789,
        "narHash": "sha256-WHkdBlw6oyxXIra/vQPYLtqY+3G8dUVZM8bEXk0t8x4=",
        "owner": "nix-community",
        "repo": "home-manager",
        "rev": "44831a7eaba4360fb81f2acc5ea6de5fde90aaa3",
        "type": "github"
      },
      "original": {
        "owner": "nix-community",
        "ref": "release-25.05",
        "repo": "home-manager",
        "type": "github"
      }
    },
    "impermanence": {
      "locked": {
        "lastModified": 1737831083,
        "narHash": "sha256-LJggUHbpyeDvNagTUrdhe/pRVp4pnS6wVKALS782gRI=",
        "owner": "nix-community",
        "repo": "impermanence",
        "rev": "4b3e914cdf97a5b536a889e939fb2fd2b043a170",
        "type": "github"
      },
      "original": {
        "owner": "nix-community",
        "repo": "impermanence",
        "type": "github"
      }
    },
    "matugen": {
      "inputs": {
        "nixpkgs": [
          "nixpkgs"
        ],
        "systems": "systems"
      },
      "locked": {
        "lastModified": 1765099519,
        "narHash": "sha256-N8XNexsqr/GBJKW1UG7OtE+YGkYhJNQRjIypgHO21dk=",
        "owner": "InioX",
        "repo": "Matugen",
        "rev": "de6381b5288c53763ba7c055661dc08ee8f107fa",
        "type": "github"
      },
      "original": {
        "owner": "InioX",
        "ref": "main",
        "repo": "Matugen",
        "type": "github"
      }
    },
    "niri": {
      "inputs": {
        "niri-stable": "niri-stable",
        "niri-unstable": "niri-unstable",
        "nixpkgs": "nixpkgs",
        "nixpkgs-stable": "nixpkgs-stable",
        "xwayland-satellite-stable": "xwayland-satellite-stable",
        "xwayland-satellite-unstable": "xwayland-satellite-unstable"
      },
      "locked": {
        "lastModified": 1764550084,
        "narHash": "sha256-fycOsVUZmJP+9EPNY2XZRWHkNn+xckIPX+zmQoIb3xo=",
        "owner": "sodiboo",
        "repo": "niri-flake",
        "rev": "30374d29ee04aca07f0384c2c664dea9487c0feb",
        "type": "github"
      },
      "original": {
        "owner": "sodiboo",
        "repo": "niri-flake",
        "rev": "30374d29ee04aca07f0384c2c664dea9487c0feb",
        "type": "github"
      }
    },
    "niri-stable": {
      "flake": false,
      "locked": {
        "lastModified": 1756556321,
        "narHash": "sha256-RLD89dfjN0RVO86C/Mot0T7aduCygPGaYbog566F0Qo=",
        "owner": "YaLTeR",
        "repo": "niri",
        "rev": "01be0e65f4eb91a9cd624ac0b76aaeab765c7294",
        "type": "github"
      },
      "original": {
        "owner": "YaLTeR",
        "ref": "v25.08",
        "repo": "niri",
        "type": "github"
      }
    },
    "niri-unstable": {
      "flake": false,
      "locked": {
        "lastModified": 1764966114,
        "narHash": "sha256-nC0Fsu4zSdabdR4tHHMCrTgqLms612eEDy5VCdQVZFk=",
        "owner": "YaLTeR",
        "repo": "niri",
        "rev": "ba29735fbbd8cf8319c71ccb55b54a0580007c80",
        "type": "github"
      },
      "original": {
        "owner": "YaLTeR",
        "repo": "niri",
        "type": "github"
      }
    },
    "nixos-hardware": {
      "locked": {
        "lastModified": 1764440730,
        "narHash": "sha256-ZlJTNLUKQRANlLDomuRWLBCH5792x+6XUJ4YdFRjtO4=",
        "owner": "NixOS",
        "repo": "nixos-hardware",
        "rev": "9154f4569b6cdfd3c595851a6ba51bfaa472d9f3",
        "type": "github"
      },
      "original": {
        "owner": "NixOS",
        "ref": "master",
        "repo": "nixos-hardware",
        "type": "github"
      }
    },
    "nixpkgs": {
      "locked": {
        "lastModified": 1764950072,
        "narHash": "sha256-BmPWzogsG2GsXZtlT+MTcAWeDK5hkbGRZTeZNW42fwA=",
        "owner": "NixOS",
        "repo": "nixpkgs",
        "rev": "f61125a668a320878494449750330ca58b78c557",
        "type": "github"
      },
      "original": {
        "owner": "NixOS",
        "ref": "nixos-unstable",
        "repo": "nixpkgs",
        "type": "github"
      }
    },
    "nixpkgs-lib": {
      "locked": {
        "lastModified": 1761765539,
        "narHash": "sha256-b0yj6kfvO8ApcSE+QmA6mUfu8IYG6/uU28OFn4PaC8M=",
        "owner": "nix-community",
        "repo": "nixpkgs.lib",
        "rev": "719359f4562934ae99f5443f20aa06c2ffff91fc",
        "type": "github"
      },
      "original": {
        "owner": "nix-community",
        "repo": "nixpkgs.lib",
        "type": "github"
      }
    },
    "nixpkgs-lib_2": {
      "locked": {
        "lastModified": 1754788789,
        "narHash": "sha256-x2rJ+Ovzq0sCMpgfgGaaqgBSwY+LST+WbZ6TytnT9Rk=",
        "owner": "nix-community",
        "repo": "nixpkgs.lib",
        "rev": "a73b9c743612e4244d865a2fdee11865283c04e6",
        "type": "github"
      },
      "original": {
        "owner": "nix-community",
        "repo": "nixpkgs.lib",
        "type": "github"
      }
    },
    "nixpkgs-stable": {
      "locked": {
        "lastModified": 1764939437,
        "narHash": "sha256-4TLFHUwXraw9Df5mXC/vCrJgb50CRr3CzUzF0Mn3CII=",
        "owner": "NixOS",
        "repo": "nixpkgs",
        "rev": "00d2457e2f608b4be6fe8b470b0a36816324b0ae",
        "type": "github"
      },
      "original": {
        "owner": "NixOS",
        "ref": "nixos-25.05",
        "repo": "nixpkgs",
        "type": "github"
      }
    },
    "nixpkgs-unstable": {
      "locked": {
        "lastModified": 1764950072,
        "narHash": "sha256-BmPWzogsG2GsXZtlT+MTcAWeDK5hkbGRZTeZNW42fwA=",
        "owner": "nixos",
        "repo": "nixpkgs",
        "rev": "f61125a668a320878494449750330ca58b78c557",
        "type": "github"
      },
      "original": {
        "owner": "nixos",
        "ref": "nixos-unstable",
        "repo": "nixpkgs",
        "type": "github"
      }
    },
    "nixpkgs_2": {
      "locked": {
        "lastModified": 1764939437,
        "narHash": "sha256-4TLFHUwXraw9Df5mXC/vCrJgb50CRr3CzUzF0Mn3CII=",
        "owner": "nixos",
        "repo": "nixpkgs",
        "rev": "00d2457e2f608b4be6fe8b470b0a36816324b0ae",
        "type": "github"
      },
      "original": {
        "owner": "nixos",
        "ref": "nixos-25.05",
        "repo": "nixpkgs",
        "type": "github"
      }
    },
    "nixpkgs_3": {
      "locked": {
        "lastModified": 1757068644,
        "narHash": "sha256-NOrUtIhTkIIumj1E/Rsv1J37Yi3xGStISEo8tZm3KW4=",
        "owner": "NixOS",
        "repo": "nixpkgs",
        "rev": "8eb28adfa3dc4de28e792e3bf49fcf9007ca8ac9",
        "type": "github"
      },
      "original": {
        "owner": "NixOS",
        "ref": "nixos-unstable",
        "repo": "nixpkgs",
        "type": "github"
      }
    },
    "nwww": {
      "inputs": {
        "flake-parts": "flake-parts_2",
        "nixpkgs": [
          "nixpkgs"
        ],
        "swww": "swww"
      },
      "locked": {
        "lastModified": 1757436538,
        "narHash": "sha256-3RE0ZKwaC83TseLagXdWRQCJ42GEeKHmY0Fw9Cudocs=",
        "owner": "Dokkae6949",
        "repo": "nwww",
        "rev": "d82f738b35bf7ce9ad26467879cd02bbca72c1ba",
        "type": "github"
      },
      "original": {
        "owner": "Dokkae6949",
        "repo": "nwww",
        "type": "github"
      }
    },
    "quickshell": {
      "inputs": {
        "nixpkgs": [
          "nixpkgs"
        ]
      },
      "locked": {
        "lastModified": 1764663772,
        "narHash": "sha256-sHqLmm0wAt3PC4vczJeBozI1/f4rv9yp3IjkClHDXDs=",
        "owner": "quickshell-mirror",
        "repo": "quickshell",
        "rev": "26531fc46ef17e9365b03770edd3fb9206fcb460",
        "type": "github"
      },
      "original": {
        "owner": "quickshell-mirror",
        "repo": "quickshell",
        "type": "github"
      }
    },
    "root": {
      "inputs": {
        "astal": "astal",
        "disko": "disko",
        "flake-parts": "flake-parts",
        "home-manager": "home-manager",
        "impermanence": "impermanence",
        "matugen": "matugen",
        "niri": "niri",
        "nixos-hardware": "nixos-hardware",
        "nixpkgs": "nixpkgs_2",
        "nixpkgs-unstable": "nixpkgs-unstable",
        "nwww": "nwww",
        "quickshell": "quickshell",
        "secrets": "secrets",
        "sops-nix": "sops-nix",
        "walker": "walker"
      }
    },
    "rust-overlay": {
      "inputs": {
        "nixpkgs": [
          "nwww",
          "swww",
          "nixpkgs"
        ]
      },
      "locked": {
        "lastModified": 1756607787,
        "narHash": "sha256-ciwAdgtlAN1PCaidWK6RuWsTBL8DVuyDCGM+X3ein5Q=",
        "owner": "oxalica",
        "repo": "rust-overlay",
        "rev": "f46d294b87ebb9f7124f1ce13aa2a5f5acc0f3eb",
        "type": "github"
      },
      "original": {
        "owner": "oxalica",
        "repo": "rust-overlay",
        "type": "github"
      }
    },
    "secrets": {
      "flake": false,
      "locked": {
        "lastModified": 1732210834,
        "narHash": "sha256-FHwg3mTE3VBlltmgrpUT5C/arq30ov4bk+pYtfIGV18=",
        "ref": "main",
        "rev": "65afc0a7e561be800a2f33625f30b1ce7322b818",
        "shallow": true,
        "type": "git",
        "url": "ssh://git@github.com/Dokkae6949/nixowos-secrets.git"
      },
      "original": {
        "ref": "main",
        "shallow": true,
        "type": "git",
        "url": "ssh://git@github.com/Dokkae6949/nixowos-secrets.git"
      }
    },
    "sops-nix": {
      "inputs": {
        "nixpkgs": [
          "nixpkgs"
        ]
      },
      "locked": {
        "lastModified": 1765079830,
        "narHash": "sha256-i9GMbBLkeZ7MVvy7+aAuErXkBkdRylHofrAjtpUPKt8=",
        "owner": "Mic92",
        "repo": "sops-nix",
        "rev": "aeb517262102f13683d7a191c7e496b34df8d24c",
        "type": "github"
      },
      "original": {
        "owner": "Mic92",
        "repo": "sops-nix",
        "type": "github"
      }
    },
    "swww": {
      "inputs": {
        "flake-compat": "flake-compat",
        "nixpkgs": [
          "nwww",
          "nixpkgs"
        ],
        "rust-overlay": "rust-overlay"
      },
      "locked": {
        "lastModified": 1757426185,
        "narHash": "sha256-p7sY2nWyvyQrUNVtEoFRCPDew3PRNHvSbMsq3a1eCBg=",
        "owner": "LGFae",
        "repo": "swww",
        "rev": "7fa21475b0f06656382038900aab795e2a645d39",
        "type": "github"
      },
      "original": {
        "owner": "LGFae",
        "repo": "swww",
        "type": "github"
      }
    },
    "systems": {
      "locked": {
        "lastModified": 1689347949,
        "narHash": "sha256-12tWmuL2zgBgZkdoB6qXZsgJEH9LR3oUgpaQq2RbI80=",
        "owner": "nix-systems",
        "repo": "default-linux",
        "rev": "31732fcf5e8fea42e59c2488ad31a0e651500f68",
        "type": "github"
      },
      "original": {
        "owner": "nix-systems",
        "repo": "default-linux",
        "type": "github"
      }
    },
    "systems_2": {
      "locked": {
        "lastModified": 1689347949,
        "narHash": "sha256-12tWmuL2zgBgZkdoB6qXZsgJEH9LR3oUgpaQq2RbI80=",
        "owner": "nix-systems",
        "repo": "default-linux",
        "rev": "31732fcf5e8fea42e59c2488ad31a0e651500f68",
        "type": "github"
      },
      "original": {
        "owner": "nix-systems",
        "repo": "default-linux",
        "type": "github"
      }
    },
    "walker": {
      "inputs": {
        "elephant": "elephant",
        "nixpkgs": "nixpkgs_3",
        "systems": "systems_2"
      },
      "locked": {
        "lastModified": 1765305269,
        "narHash": "sha256-2OQsyZaO2Uy6EnDLcDZGBbDEa0X1WuZ4NoZ5kW52OeA=",
        "owner": "abenz1267",
        "repo": "walker",
        "rev": "132004947c5c877f510177d8c68f754e37169ecc",
        "type": "github"
      },
      "original": {
        "owner": "abenz1267",
        "repo": "walker",
        "type": "github"
      }
    },
    "xwayland-satellite-stable": {
      "flake": false,
      "locked": {
        "lastModified": 1755491097,
        "narHash": "sha256-m+9tUfsmBeF2Gn4HWa6vSITZ4Gz1eA1F5Kh62B0N4oE=",
        "owner": "Supreeeme",
        "repo": "xwayland-satellite",
        "rev": "388d291e82ffbc73be18169d39470f340707edaa",
        "type": "github"
      },
      "original": {
        "owner": "Supreeeme",
        "ref": "v0.7",
        "repo": "xwayland-satellite",
        "type": "github"
      }
    },
    "xwayland-satellite-unstable": {
      "flake": false,
      "locked": {
        "lastModified": 1765201946,
        "narHash": "sha256-7zkEUqmeWToaTGp29YI7HUN7qiSCauNB2ep0TpB1Jwk=",
        "owner": "Supreeeme",
        "repo": "xwayland-satellite",
        "rev": "2f9981ad0890739980d09cd2a18293a1d47d0f01",
        "type": "github"
      },
      "original": {
        "owner": "Supreeeme",
        "repo": "xwayland-satellite",
        "type": "github"
      }
    }
  },
  "root": "root",
  "version": 7
}
